PODS:
  - LFImagePickerController (1.6.8.3):
    - LFImagePickerController/Core (= 1.6.8.3)
  - LFImagePickerController/Core (1.6.8.3):
    - LFImagePickerController/LFGifPlayer
    - LFImagePickerController/LFToGIF
  - LFImagePickerController/LFGifPlayer (1.6.8.3)
  - LFImagePickerController/LFToGIF (1.6.8.3)

DEPENDENCIES:
  - LFImagePickerController

SPEC REPOS:
  trunk:
    - LFImagePickerController

SPEC CHECKSUMS:
  LFImagePickerController: 030c59d6776d8e9c1423e18a1c75c058106c6215

PODFILE CHECKSUM: d9c09d26a9fa7e484f4fd6b2875979c4f3e3ef1d

COCOAPODS: 1.8.4
